{
  "meteor": {},
  "dependencies": {
    "basePackages": {
      "streams": {},
      "smart-collections": {}
    },
    "packages": {
      "streams": {
        "git": "https://github.com/arunoda/meteor-streams.git",
        "tag": "v0.1.16",
        "commit": "ebb9f3a243072139ea644fd7ce68916b7cb8f446"
      },
      "smart-collections": {
        "git": "https://github.com/arunoda/meteor-smart-collections.git",
        "tag": "v0.3.16",
        "commit": "401e96bd5d4ee0dd1c8d9706cae71a3eb181bff9"
      }
    }
  }
}
